{
  "name": "backend-app",
  "version": "1.0.0",
  "lockfileVersion": 3,
  "requires": true,
  "packages": {
    "": {
      "name": "backend-app",
      "version": "1.0.0",
      "dependencies": {
        "cors": "^2.8.5",
        "express": "^4.18.2",
        "mysql2": "^3.6.5"
      },
      "devDependencies": {
        "nodemon": "^3.0.2"
      }
    },
    "node_modules/cors": {
      "version": "2.8.5",
      "resolved": "https://registry.npmjs.org/cors/-/cors-2.8.5.tgz",
      "integrity": "sha512-KIHbLJqu73RGr/hnbrO9uBeixNGuvSQjul/jdFvS/KFSIH1hWVd1ng7zOHx+YrEfInLG7q4n6GHQ9cDtxv/P6g==",
      "dependencies": {
        "object-assign": "^4",
        "vary": "^1"
      },
      "engines": {
        "node": ">= 0.10"
      }
    },
    "node_modules/express": {
      "version": "4.18.2",
      "resolved": "https://registry.npmjs.org/express/-/express-4.18.2.tgz",
      "integrity": "sha512-5/PsL6iGPdfQ/lKM1UuielYgv3BUoJfz1aUwU9vHZ+J7gyvwdQXFEBIEIaxeGf0GIcreATNyBExtalisDbuMqQ==",
      "dependencies": {
        "accepts": "~1.3.8",
        "array-flatten": "1.1.1",
        "body-parser": "1.20.1",
        "content-disposition": "0.5.4",
        "content-type": "~1.0.4",
        "cookie": "0.5.0",
        "cookie-signature": "1.0.6",
        "debug": "2.6.9",
        "depd": "2.0.0",
        "encodeurl": "~1.0.2",
        "escape-html": "~1.0.3",
        "etag": "~1.8.1",
        "finalhandler": "1.2.0",
        "fresh": "0.5.2",
        "http-errors": "2.0.0",
        "merge-descriptors": "1.0.1",
        "methods": "~1.1.2",
        "on-finished": "2.4.1",
        "parseurl": "~1.3.3",
        "path-to-regexp": "0.1.7",
        "proxy-addr": "~2.0.7",
        "qs": "6.11.0",
        "range-parser": "~1.2.1",
        "safe-buffer": "5.2.1",
        "send": "0.18.0",
        "serve-static": "1.15.0",
        "setprototypeof": "1.2.0",
        "statuses": "2.0.1",
        "type-is": "~1.6.18",
        "utils-merge": "1.0.1",
        "vary": "~1.1.2"
      },
      "engines": {
        "node": ">= 0.10.0"
      }
    },
    "node_modules/mysql2": {
      "version": "3.6.5",
      "resolved": "https://registry.npmjs.org/mysql2/-/mysql2-3.6.5.tgz",
      "integrity": "sha512-pS/KqIb0xlXmtmqEuWRwoBF6/keVe8P6g7nJUW12h6UgEfDX6FxPEkj0SvVYrdqQLdEmFCHB7qbBBvBqRHZpQ==",
      "dependencies": {
        "denque": "^2.1.0",
        "generate-function": "^2.3.1",
        "iconv-lite": "^0.6.3",
        "long": "^5.2.1",
        "lru-cache": "^8.0.0",
        "named-placeholders": "^1.1.3",
        "seq-queue": "^0.0.5",
        "sqlstring": "^2.3.2"
      },
      "engines": {
        "node": ">= 8.0"
      }
    },
    "node_modules/nodemon": {
      "version": "3.0.2",
      "resolved": "https://registry.npmjs.org/nodemon/-/nodemon-3.0.2.tgz",
      "integrity": "sha512-9qIN2LNTrEzpOPBaWHTm4Asy1LxXLSickZr8Z0m2fhZqwQQA4UCbYmmzk/tqgO/6yJaQVVfxqtWivgqCBp/JNQ==",
      "dev": true,
      "dependencies": {
        "chokidar": "^3.5.2",
        "debug": "^3.2.7",
        "ignore-by-default": "^1.0.1",
        "minimatch": "^3.1.2",
        "pstree.remy": "^1.1.8",
        "semver": "^7.5.3",
        "simple-update-notifier": "^2.0.0",
        "supports-color": "^5.5.0",
        "touch": "^3.1.0",
        "undefsafe": "^2.0.5"
      },
      "bin": {
        "nodemon": "bin/nodemon.js"
      },
      "engines": {
        "node": ">=10"
      }
    }
  }
}
